{
  "name": "aniep",
  "version": "0.2.0",
  "lockfileVersion": 1,
  "requires": true,
  "dependencies": {
    "prettier": {
      "version": "2.0.1",
      "resolved": "https://registry.npmjs.org/prettier/-/prettier-2.0.1.tgz",
      "integrity": "sha512-piXGBcY1zoFOG0MvHpNE5reAGseLmaCRifQ/fmfF49BcYkInEs/naD/unxGNAeOKFA5+JxVrPyMvMlpzcd20UA==",
      "dev": true
    }
  }
}
